
Microsoft Visual Studio Solution File, Format Version 12.00
# Visual Studio Version 17
VisualStudioVersion = 17.9.34728.123
MinimumVisualStudioVersion = 10.0.40219.1
Project("{FAE04EC0-301F-11D3-BF4B-00C04F79EFBC}") = "LabTask27", "LabTask27\LabTask27.csproj", "{900894A3-0DE3-4948-83A0-C3DA08A02904}"
EndProject
Global
	GlobalSection(SolutionConfigurationPlatforms) = preSolution
		Debug|Any CPU = Debug|Any CPU
		Release|Any CPU = Release|Any CPU
	EndGlobalSection
	GlobalSection(ProjectConfigurationPlatforms) = postSolution
		{900894A3-0DE3-4948-83A0-C3DA08A02904}.Debug|Any CPU.ActiveCfg = Debug|Any CPU
		{900894A3-0DE3-4948-83A0-C3DA08A02904}.Debug|Any CPU.Build.0 = Debug|Any CPU
		{900894A3-0DE3-4948-83A0-C3DA08A02904}.Release|Any CPU.ActiveCfg = Release|Any CPU
		{900894A3-0DE3-4948-83A0-C3DA08A02904}.Release|Any CPU.Build.0 = Release|Any CPU
	EndGlobalSection
	GlobalSection(SolutionProperties) = preSolution
		HideSolutionNode = FALSE
	EndGlobalSection
	GlobalSection(ExtensibilityGlobals) = postSolution
		SolutionGuid = {EFE628D9-652A-4FA0-8CCD-0962DD8A39E5}
	EndGlobalSection
EndGlobal
